
Microsoft Visual Studio Solution File, Format Version 12.00
# Visual Studio Version 17
VisualStudioVersion = 17.3.32825.248
MinimumVisualStudioVersion = 10.0.40219.1
Project("{8BC9CEB8-8B4A-11D0-8D11-00A0C91BC942}") = "SamosOOP3", "SamosOOP3\SamosOOP3.vcxproj", "{071084D1-A39D-4CA3-B1C2-E9128A5F6D9B}"
EndProject
Global
	GlobalSection(SolutionConfigurationPlatforms) = preSolution
		Debug|x64 = Debug|x64
		Debug|x86 = Debug|x86
		Release|x64 = Release|x64
		Release|x86 = Release|x86
	EndGlobalSection
	GlobalSection(ProjectConfigurationPlatforms) = postSolution
		{071084D1-A39D-4CA3-B1C2-E9128A5F6D9B}.Debug|x64.ActiveCfg = Debug|x64
		{071084D1-A39D-4CA3-B1C2-E9128A5F6D9B}.Debug|x64.Build.0 = Debug|x64
		{071084D1-A39D-4CA3-B1C2-E9128A5F6D9B}.Debug|x86.ActiveCfg = Debug|Win32
		{071084D1-A39D-4CA3-B1C2-E9128A5F6D9B}.Debug|x86.Build.0 = Debug|Win32
		{071084D1-A39D-4CA3-B1C2-E9128A5F6D9B}.Release|x64.ActiveCfg = Release|x64
		{071084D1-A39D-4CA3-B1C2-E9128A5F6D9B}.Release|x64.Build.0 = Release|x64
		{071084D1-A39D-4CA3-B1C2-E9128A5F6D9B}.Release|x86.ActiveCfg = Release|Win32
		{071084D1-A39D-4CA3-B1C2-E9128A5F6D9B}.Release|x86.Build.0 = Release|Win32
	EndGlobalSection
	GlobalSection(SolutionProperties) = preSolution
		HideSolutionNode = FALSE
	EndGlobalSection
	GlobalSection(ExtensibilityGlobals) = postSolution
		SolutionGuid = {3CB6B530-BDFC-461A-A0F4-D63E24A4D6E4}
	EndGlobalSection
EndGlobal
